<?xml version="1.0" encoding="UTF-8"?>
<!DOCTYPE plist PUBLIC "-//Apple//DTD PLIST 1.0//EN" "http://www.apple.com/DTDs/PropertyList-1.0.dtd">
<plist version="1.0">
<dict>
	<key>archiveVersion</key>
	<string>1</string>
	<key>classes</key>
	<dict/>
	<key>objectVersion</key>
	<string>46</string>
	<key>objects</key>
	<dict>
		<key>0104AEF11AB8088C008EDFBE</key>
		<dict>
			<key>fileEncoding</key>
			<string>4</string>
			<key>isa</key>
			<string>PBXFileReference</string>
			<key>lastKnownFileType</key>
			<string>sourcecode.swift</string>
			<key>path</key>
			<string>DecorationCollectionViewController.swift</string>
			<key>sourceTree</key>
			<string>&lt;group&gt;</string>
		</dict>
		<key>0104AEF21AB8088C008EDFBE</key>
		<dict>
			<key>fileRef</key>
			<string>0104AEF11AB8088C008EDFBE</string>
			<key>isa</key>
			<string>PBXBuildFile</string>
		</dict>
		<key>012D73CE1AACE8B80092A49C</key>
		<dict>
			<key>fileEncoding</key>
			<string>4</string>
			<key>isa</key>
			<string>PBXFileReference</string>
			<key>lastKnownFileType</key>
			<string>sourcecode.swift</string>
			<key>path</key>
			<string>ApplicationItem.swift</string>
			<key>sourceTree</key>
			<string>&lt;group&gt;</string>
		</dict>
		<key>012D73CF1AACE8B80092A49C</key>
		<dict>
			<key>fileRef</key>
			<string>012D73CE1AACE8B80092A49C</string>
			<key>isa</key>
			<string>PBXBuildFile</string>
		</dict>
		<key>012D73D01AAD027D0092A49C</key>
		<dict>
			<key>fileEncoding</key>
			<string>4</string>
			<key>isa</key>
			<string>PBXFileReference</string>
			<key>lastKnownFileType</key>
			<string>sourcecode.swift</string>
			<key>path</key>
			<string>ApplicationManager.swift</string>
			<key>sourceTree</key>
			<string>&lt;group&gt;</string>
		</dict>
		<key>012D73D11AAD027D0092A49C</key>
		<dict>
			<key>fileRef</key>
			<string>012D73D01AAD027D0092A49C</string>
			<key>isa</key>
			<string>PBXBuildFile</string>
		</dict>
		<key>014244311AB17C6E007C3795</key>
		<dict>
			<key>fileEncoding</key>
			<string>4</string>
			<key>isa</key>
			<string>PBXFileReference</string>
			<key>lastKnownFileType</key>
			<string>file.storyboard</string>
			<key>path</key>
			<string>LaunchScreen.storyboard</string>
			<key>sourceTree</key>
			<string>&lt;group&gt;</string>
		</dict>
		<key>014244321AB17C6E007C3795</key>
		<dict>
			<key>fileRef</key>
			<string>014244311AB17C6E007C3795</string>
			<key>isa</key>
			<string>PBXBuildFile</string>
		</dict>
		<key>0148FB4C1AAA373B0057073B</key>
		<dict>
			<key>children</key>
			<array>
				<string>0148FB4D1AAA37A50057073B</string>
				<string>01E5E4D11AB6B698005A0330</string>
			</array>
			<key>isa</key>
			<string>PBXGroup</string>
			<key>path</key>
			<string>Tools</string>
			<key>sourceTree</key>
			<string>&lt;group&gt;</string>
		</dict>
		<key>0148FB4D1AAA37A50057073B</key>
		<dict>
			<key>fileEncoding</key>
			<string>4</string>
			<key>isa</key>
			<string>PBXFileReference</string>
			<key>lastKnownFileType</key>
			<string>sourcecode.swift</string>
			<key>path</key>
			<string>DeviceInformation.swift</string>
			<key>sourceTree</key>
			<string>&lt;group&gt;</string>
		</dict>
		<key>0148FB4E1AAA37A50057073B</key>
		<dict>
			<key>fileRef</key>
			<string>0148FB4D1AAA37A50057073B</string>
			<key>isa</key>
			<string>PBXBuildFile</string>
		</dict>
		<key>015DAD5C1ABA37AF0060DC1B</key>
		<dict>
			<key>fileEncoding</key>
			<string>4</string>
			<key>isa</key>
			<string>PBXFileReference</string>
			<key>lastKnownFileType</key>
			<string>sourcecode.swift</string>
			<key>path</key>
			<string>HorizontalCollectionViewController.swift</string>
			<key>sourceTree</key>
			<string>&lt;group&gt;</string>
		</dict>
		<key>015DAD5D1ABA37AF0060DC1B</key>
		<dict>
			<key>fileRef</key>
			<string>015DAD5C1ABA37AF0060DC1B</string>
			<key>isa</key>
			<string>PBXBuildFile</string>
		</dict>
		<key>016248D01AB80B7200D73EF6</key>
		<dict>
			<key>children</key>
			<array>
				<string>016248D11AB80CC300D73EF6</string>
			</array>
			<key>isa</key>
			<string>PBXGroup</string>
			<key>path</key>
			<string>Layouts</string>
			<key>sourceTree</key>
			<string>&lt;group&gt;</string>
		</dict>
		<key>016248D11AB80CC300D73EF6</key>
		<dict>
			<key>fileEncoding</key>
			<string>4</string>
			<key>isa</key>
			<string>PBXFileReference</string>
			<key>lastKnownFileType</key>
			<string>sourcecode.swift</string>
			<key>path</key>
			<string>DecorationCollectionViewFlowLayout.swift</string>
			<key>sourceTree</key>
			<string>&lt;group&gt;</string>
		</dict>
		<key>016248D21AB80CC300D73EF6</key>
		<dict>
			<key>fileRef</key>
			<string>016248D11AB80CC300D73EF6</string>
			<key>isa</key>
			<string>PBXBuildFile</string>
		</dict>
		<key>018EE7371AB847DB0077F080</key>
		<dict>
			<key>fileEncoding</key>
			<string>4</string>
			<key>isa</key>
			<string>PBXFileReference</string>
			<key>lastKnownFileType</key>
			<string>sourcecode.swift</string>
			<key>path</key>
			<string>ApplicationBackgroundCollectionReusableView.swift</string>
			<key>sourceTree</key>
			<string>&lt;group&gt;</string>
		</dict>
		<key>018EE7381AB847DB0077F080</key>
		<dict>
			<key>fileRef</key>
			<string>018EE7371AB847DB0077F080</string>
			<key>isa</key>
			<string>PBXBuildFile</string>
		</dict>
		<key>019082561AA914360057362F</key>
		<dict>
			<key>children</key>
			<array>
				<string>019082611AA914360057362F</string>
				<string>019082601AA914360057362F</string>
			</array>
			<key>isa</key>
			<string>PBXGroup</string>
			<key>sourceTree</key>
			<string>&lt;group&gt;</string>
		</dict>
		<key>019082571AA914360057362F</key>
		<dict>
			<key>attributes</key>
			<dict>
				<key>LastUpgradeCheck</key>
				<string>0630</string>
				<key>ORGANIZATIONNAME</key>
				<string>S&#233;bastien MICHOY</string>
				<key>TargetAttributes</key>
				<dict>
					<key>0190825E1AA914360057362F</key>
					<dict>
						<key>CreatedOnToolsVersion</key>
						<string>6.3</string>
					</dict>
				</dict>
			</dict>
			<key>buildConfigurationList</key>
			<string>0190825A1AA914360057362F</string>
			<key>compatibilityVersion</key>
			<string>Xcode 3.2</string>
			<key>developmentRegion</key>
			<string>English</string>
			<key>hasScannedForEncodings</key>
			<string>0</string>
			<key>isa</key>
			<string>PBXProject</string>
			<key>knownRegions</key>
			<array>
				<string>en</string>
				<string>Base</string>
			</array>
			<key>mainGroup</key>
			<string>019082561AA914360057362F</string>
			<key>productRefGroup</key>
			<string>019082601AA914360057362F</string>
			<key>projectDirPath</key>
			<string></string>
			<key>projectReferences</key>
			<array/>
			<key>projectRoot</key>
			<string></string>
			<key>targets</key>
			<array>
				<string>0190825E1AA914360057362F</string>
			</array>
		</dict>
		<key>0190825A1AA914360057362F</key>
		<dict>
			<key>buildConfigurations</key>
			<array>
				<string>0190827C1AA914370057362F</string>
				<string>0190827D1AA914370057362F</string>
			</array>
			<key>defaultConfigurationIsVisible</key>
			<string>0</string>
			<key>defaultConfigurationName</key>
			<string>Release</string>
			<key>isa</key>
			<string>XCConfigurationList</string>
		</dict>
		<key>0190825B1AA914360057362F</key>
		<dict>
			<key>buildActionMask</key>
			<string>2147483647</string>
			<key>files</key>
			<array>
				<string>01CC5A641AAA31F500E63308</string>
				<string>01C75D841AAD7C6300D6E336</string>
				<string>01C361141AB5E884004ED706</string>
				<string>01E5E4D21AB6B698005A0330</string>
				<string>01CC5A601AAA307600E63308</string>
				<string>01BF66F31AB79A7A00254A66</string>
				<string>0104AEF21AB8088C008EDFBE</string>
				<string>012D73D11AAD027D0092A49C</string>
				<string>015DAD5D1ABA37AF0060DC1B</string>
				<string>01C361161AB5E952004ED706</string>
				<string>01BF66EF1AB7941700254A66</string>
				<string>01B99B501AA98ECB005F3BEF</string>
				<string>01BF66ED1AB793F500254A66</string>
				<string>016248D21AB80CC300D73EF6</string>
				<string>01BF66EA1AB7856600254A66</string>
				<string>0148FB4E1AAA37A50057073B</string>
				<string>01C361121AB5DAC9004ED706</string>
				<string>019082651AA914360057362F</string>
				<string>01C361181AB60B2A004ED706</string>
				<string>012D73CF1AACE8B80092A49C</string>
				<string>01BF66F11AB7993700254A66</string>
				<string>018EE7381AB847DB0077F080</string>
				<string>01B99B4E1AA98926005F3BEF</string>
				<string>01C361101AB5D40B004ED706</string>
			</array>
			<key>isa</key>
			<string>PBXSourcesBuildPhase</string>
			<key>runOnlyForDeploymentPostprocessing</key>
			<string>0</string>
		</dict>
		<key>0190825C1AA914360057362F</key>
		<dict>
			<key>buildActionMask</key>
			<string>2147483647</string>
			<key>files</key>
			<array/>
			<key>isa</key>
			<string>PBXFrameworksBuildPhase</string>
			<key>runOnlyForDeploymentPostprocessing</key>
			<string>0</string>
		</dict>
		<key>0190825D1AA914360057362F</key>
		<dict>
			<key>buildActionMask</key>
			<string>2147483647</string>
			<key>files</key>
			<array>
				<string>014244321AB17C6E007C3795</string>
				<string>01B99B4C1AA98545005F3BEF</string>
				<string>0190826C1AA914360057362F</string>
			</array>
			<key>isa</key>
			<string>PBXResourcesBuildPhase</string>
			<key>runOnlyForDeploymentPostprocessing</key>
			<string>0</string>
		</dict>
		<key>0190825E1AA914360057362F</key>
		<dict>
			<key>buildConfigurationList</key>
			<string>0190827E1AA914370057362F</string>
			<key>buildPhases</key>
			<array>
				<string>0190825B1AA914360057362F</string>
				<string>0190825C1AA914360057362F</string>
				<string>0190825D1AA914360057362F</string>
			</array>
			<key>buildRules</key>
			<array/>
			<key>dependencies</key>
			<array/>
			<key>isa</key>
			<string>PBXNativeTarget</string>
			<key>name</key>
			<string>CollectionViewsDemo</string>
			<key>productName</key>
			<string>CollectionViewsDemo</string>
			<key>productReference</key>
			<string>0190825F1AA914360057362F</string>
			<key>productType</key>
			<string>com.apple.product-type.application</string>
		</dict>
		<key>0190825F1AA914360057362F</key>
		<dict>
			<key>explicitFileType</key>
			<string>wrapper.application</string>
			<key>includeInIndex</key>
			<string>0</string>
			<key>isa</key>
			<string>PBXFileReference</string>
			<key>path</key>
			<string>CollectionViewsDemo.app</string>
			<key>sourceTree</key>
			<string>BUILT_PRODUCTS_DIR</string>
		</dict>
		<key>019082601AA914360057362F</key>
		<dict>
			<key>children</key>
			<array>
				<string>0190825F1AA914360057362F</string>
			</array>
			<key>isa</key>
			<string>PBXGroup</string>
			<key>name</key>
			<string>Products</string>
			<key>sourceTree</key>
			<string>&lt;group&gt;</string>
		</dict>
		<key>019082611AA914360057362F</key>
		<dict>
			<key>children</key>
			<array>
				<string>01DA8B1D1AA9161A007FA5AB</string>
				<string>01DA8B1C1AA91611007FA5AB</string>
			</array>
			<key>isa</key>
			<string>PBXGroup</string>
			<key>path</key>
			<string>CollectionViewsDemo</string>
			<key>sourceTree</key>
			<string>&lt;group&gt;</string>
		</dict>
		<key>019082631AA914360057362F</key>
		<dict>
			<key>isa</key>
			<string>PBXFileReference</string>
			<key>lastKnownFileType</key>
			<string>text.plist.xml</string>
			<key>path</key>
			<string>Info.plist</string>
			<key>sourceTree</key>
			<string>&lt;group&gt;</string>
		</dict>
		<key>019082641AA914360057362F</key>
		<dict>
			<key>isa</key>
			<string>PBXFileReference</string>
			<key>lastKnownFileType</key>
			<string>sourcecode.swift</string>
			<key>path</key>
			<string>AppDelegate.swift</string>
			<key>sourceTree</key>
			<string>&lt;group&gt;</string>
		</dict>
		<key>019082651AA914360057362F</key>
		<dict>
			<key>fileRef</key>
			<string>019082641AA914360057362F</string>
			<key>isa</key>
			<string>PBXBuildFile</string>
		</dict>
		<key>0190826B1AA914360057362F</key>
		<dict>
			<key>isa</key>
			<string>PBXFileReference</string>
			<key>lastKnownFileType</key>
			<string>folder.assetcatalog</string>
			<key>path</key>
			<string>Images.xcassets</string>
			<key>sourceTree</key>
			<string>&lt;group&gt;</string>
		</dict>
		<key>0190826C1AA914360057362F</key>
		<dict>
			<key>fileRef</key>
			<string>0190826B1AA914360057362F</string>
			<key>isa</key>
			<string>PBXBuildFile</string>
		</dict>
		<key>0190827C1AA914370057362F</key>
		<dict>
			<key>buildSettings</key>
			<dict>
				<key>ALWAYS_SEARCH_USER_PATHS</key>
				<string>NO</string>
				<key>CLANG_CXX_LANGUAGE_STANDARD</key>
				<string>gnu++0x</string>
				<key>CLANG_CXX_LIBRARY</key>
				<string>libc++</string>
				<key>CLANG_ENABLE_MODULES</key>
				<string>YES</string>
				<key>CLANG_ENABLE_OBJC_ARC</key>
				<string>YES</string>
				<key>CLANG_WARN_BOOL_CONVERSION</key>
				<string>YES</string>
				<key>CLANG_WARN_CONSTANT_CONVERSION</key>
				<string>YES</string>
				<key>CLANG_WARN_DIRECT_OBJC_ISA_USAGE</key>
				<string>YES_ERROR</string>
				<key>CLANG_WARN_EMPTY_BODY</key>
				<string>YES</string>
				<key>CLANG_WARN_ENUM_CONVERSION</key>
				<string>YES</string>
				<key>CLANG_WARN_INT_CONVERSION</key>
				<string>YES</string>
				<key>CLANG_WARN_OBJC_ROOT_CLASS</key>
				<string>YES_ERROR</string>
				<key>CLANG_WARN_UNREACHABLE_CODE</key>
				<string>YES</string>
				<key>CLANG_WARN__DUPLICATE_METHOD_MATCH</key>
				<string>YES</string>
				<key>CODE_SIGN_IDENTITY[sdk=iphoneos*]</key>
				<string>iPhone Developer</string>
				<key>COPY_PHASE_STRIP</key>
				<string>NO</string>
				<key>DEBUG_INFORMATION_FORMAT</key>
				<string>dwarf</string>
				<key>ENABLE_STRICT_OBJC_MSGSEND</key>
				<string>YES</string>
				<key>GCC_C_LANGUAGE_STANDARD</key>
				<string>gnu99</string>
				<key>GCC_DYNAMIC_NO_PIC</key>
				<string>NO</string>
				<key>GCC_OPTIMIZATION_LEVEL</key>
				<string>0</string>
				<key>GCC_PREPROCESSOR_DEFINITIONS</key>
				<array>
					<string>DEBUG=1</string>
					<string>$(inherited)</string>
				</array>
				<key>GCC_SYMBOLS_PRIVATE_EXTERN</key>
				<string>NO</string>
				<key>GCC_WARN_64_TO_32_BIT_CONVERSION</key>
				<string>YES</string>
				<key>GCC_WARN_ABOUT_RETURN_TYPE</key>
				<string>YES_ERROR</string>
				<key>GCC_WARN_UNDECLARED_SELECTOR</key>
				<string>YES</string>
				<key>GCC_WARN_UNINITIALIZED_AUTOS</key>
				<string>YES_AGGRESSIVE</string>
				<key>GCC_WARN_UNUSED_FUNCTION</key>
				<string>YES</string>
				<key>GCC_WARN_UNUSED_VARIABLE</key>
				<string>YES</string>
				<key>IPHONEOS_DEPLOYMENT_TARGET</key>
				<string>8.0</string>
				<key>MTL_ENABLE_DEBUG_INFO</key>
				<string>YES</string>
				<key>ONLY_ACTIVE_ARCH</key>
				<string>YES</string>
				<key>SDKROOT</key>
				<string>iphoneos</string>
				<key>SWIFT_OPTIMIZATION_LEVEL</key>
				<string>-Onone</string>
				<key>TARGETED_DEVICE_FAMILY</key>
				<string>1,2</string>
			</dict>
			<key>isa</key>
			<string>XCBuildConfiguration</string>
			<key>name</key>
			<string>Debug</string>
		</dict>
		<key>0190827D1AA914370057362F</key>
		<dict>
			<key>buildSettings</key>
			<dict>
				<key>ALWAYS_SEARCH_USER_PATHS</key>
				<string>NO</string>
				<key>CLANG_CXX_LANGUAGE_STANDARD</key>
				<string>gnu++0x</string>
				<key>CLANG_CXX_LIBRARY</key>
				<string>libc++</string>
				<key>CLANG_ENABLE_MODULES</key>
				<string>YES</string>
				<key>CLANG_ENABLE_OBJC_ARC</key>
				<string>YES</string>
				<key>CLANG_WARN_BOOL_CONVERSION</key>
				<string>YES</string>
				<key>CLANG_WARN_CONSTANT_CONVERSION</key>
				<string>YES</string>
				<key>CLANG_WARN_DIRECT_OBJC_ISA_USAGE</key>
				<string>YES_ERROR</string>
				<key>CLANG_WARN_EMPTY_BODY</key>
				<string>YES</string>
				<key>CLANG_WARN_ENUM_CONVERSION</key>
				<string>YES</string>
				<key>CLANG_WARN_INT_CONVERSION</key>
				<string>YES</string>
				<key>CLANG_WARN_OBJC_ROOT_CLASS</key>
				<string>YES_ERROR</string>
				<key>CLANG_WARN_UNREACHABLE_CODE</key>
				<string>YES</string>
				<key>CLANG_WARN__DUPLICATE_METHOD_MATCH</key>
				<string>YES</string>
				<key>CODE_SIGN_IDENTITY[sdk=iphoneos*]</key>
				<string>iPhone Developer</string>
				<key>COPY_PHASE_STRIP</key>
				<string>NO</string>
				<key>DEBUG_INFORMATION_FORMAT</key>
				<string>dwarf-with-dsym</string>
				<key>ENABLE_NS_ASSERTIONS</key>
				<string>NO</string>
				<key>ENABLE_STRICT_OBJC_MSGSEND</key>
				<string>YES</string>
				<key>GCC_C_LANGUAGE_STANDARD</key>
				<string>gnu99</string>
				<key>GCC_WARN_64_TO_32_BIT_CONVERSION</key>
				<string>YES</string>
				<key>GCC_WARN_ABOUT_RETURN_TYPE</key>
				<string>YES_ERROR</string>
				<key>GCC_WARN_UNDECLARED_SELECTOR</key>
				<string>YES</string>
				<key>GCC_WARN_UNINITIALIZED_AUTOS</key>
				<string>YES_AGGRESSIVE</string>
				<key>GCC_WARN_UNUSED_FUNCTION</key>
				<string>YES</string>
				<key>GCC_WARN_UNUSED_VARIABLE</key>
				<string>YES</string>
				<key>IPHONEOS_DEPLOYMENT_TARGET</key>
				<string>8.0</string>
				<key>MTL_ENABLE_DEBUG_INFO</key>
				<string>NO</string>
				<key>SDKROOT</key>
				<string>iphoneos</string>
				<key>TARGETED_DEVICE_FAMILY</key>
				<string>1,2</string>
				<key>VALIDATE_PRODUCT</key>
				<string>YES</string>
			</dict>
			<key>isa</key>
			<string>XCBuildConfiguration</string>
			<key>name</key>
			<string>Release</string>
		</dict>
		<key>0190827E1AA914370057362F</key>
		<dict>
			<key>buildConfigurations</key>
			<array>
				<string>0190827F1AA914370057362F</string>
				<string>019082801AA914370057362F</string>
			</array>
			<key>defaultConfigurationIsVisible</key>
			<string>0</string>
			<key>defaultConfigurationName</key>
			<string>Release</string>
			<key>isa</key>
			<string>XCConfigurationList</string>
		</dict>
		<key>0190827F1AA914370057362F</key>
		<dict>
			<key>buildSettings</key>
			<dict>
				<key>ASSETCATALOG_COMPILER_APPICON_NAME</key>
				<string>AppIcon</string>
				<key>INFOPLIST_FILE</key>
				<string>CollectionViewsDemo/Resources/Info.plist</string>
				<key>IPHONEOS_DEPLOYMENT_TARGET</key>
				<string>8.0</string>
				<key>LD_RUNPATH_SEARCH_PATHS</key>
				<string>$(inherited) @executable_path/Frameworks</string>
				<key>PRODUCT_NAME</key>
				<string>$(TARGET_NAME)</string>
			</dict>
			<key>isa</key>
			<string>XCBuildConfiguration</string>
			<key>name</key>
			<string>Debug</string>
		</dict>
		<key>019082801AA914370057362F</key>
		<dict>
			<key>buildSettings</key>
			<dict>
				<key>ASSETCATALOG_COMPILER_APPICON_NAME</key>
				<string>AppIcon</string>
				<key>INFOPLIST_FILE</key>
				<string>CollectionViewsDemo/Resources/Info.plist</string>
				<key>IPHONEOS_DEPLOYMENT_TARGET</key>
				<string>8.0</string>
				<key>LD_RUNPATH_SEARCH_PATHS</key>
				<string>$(inherited) @executable_path/Frameworks</string>
				<key>PRODUCT_NAME</key>
				<string>$(TARGET_NAME)</string>
			</dict>
			<key>isa</key>
			<string>XCBuildConfiguration</string>
			<key>name</key>
			<string>Release</string>
		</dict>
		<key>01B99B461AA9848F005F3BEF</key>
		<dict>
			<key>children</key>
			<array>
				<string>01B99B4F1AA98ECB005F3BEF</string>
				<string>01CC5A5F1AAA307600E63308</string>
				<string>01C361171AB60B2A004ED706</string>
				<string>012D73CE1AACE8B80092A49C</string>
				<string>012D73D01AAD027D0092A49C</string>
			</array>
			<key>isa</key>
			<string>PBXGroup</string>
			<key>path</key>
			<string>Models</string>
			<key>sourceTree</key>
			<string>&lt;group&gt;</string>
		</dict>
		<key>01B99B471AA9849D005F3BEF</key>
		<dict>
			<key>children</key>
			<array>
				<string>01B99B4D1AA98926005F3BEF</string>
			</array>
			<key>isa</key>
			<string>PBXGroup</string>
			<key>path</key>
			<string>Menu</string>
			<key>sourceTree</key>
			<string>&lt;group&gt;</string>
		</dict>
		<key>01B99B481AA984B3005F3BEF</key>
		<dict>
			<key>children</key>
			<array>
				<string>01C75D801AAD7AC900D6E336</string>
				<string>016248D01AB80B7200D73EF6</string>
				<string>01BF66EB1AB78F1F00254A66</string>
				<string>01CC5A631AAA31F500E63308</string>
				<string>01C361111AB5DAC9004ED706</string>
				<string>01BF66E91AB7856600254A66</string>
				<string>0104AEF11AB8088C008EDFBE</string>
				<string>015DAD5C1ABA37AF0060DC1B</string>
			</array>
			<key>isa</key>
			<string>PBXGroup</string>
			<key>path</key>
			<string>Collections Views</string>
			<key>sourceTree</key>
			<string>&lt;group&gt;</string>
		</dict>
		<key>01B99B4B1AA98545005F3BEF</key>
		<dict>
			<key>fileEncoding</key>
			<string>4</string>
			<key>isa</key>
			<string>PBXFileReference</string>
			<key>lastKnownFileType</key>
			<string>file.storyboard</string>
			<key>path</key>
			<string>CollectionViewsDemo.storyboard</string>
			<key>sourceTree</key>
			<string>&lt;group&gt;</string>
		</dict>
		<key>01B99B4C1AA98545005F3BEF</key>
		<dict>
			<key>fileRef</key>
			<string>01B99B4B1AA98545005F3BEF</string>
			<key>isa</key>
			<string>PBXBuildFile</string>
		</dict>
		<key>01B99B4D1AA98926005F3BEF</key>
		<dict>
			<key>fileEncoding</key>
			<string>4</string>
			<key>isa</key>
			<string>PBXFileReference</string>
			<key>lastKnownFileType</key>
			<string>sourcecode.swift</string>
			<key>path</key>
			<string>MenuViewController.swift</string>
			<key>sourceTree</key>
			<string>&lt;group&gt;</string>
		</dict>
		<key>01B99B4E1AA98926005F3BEF</key>
		<dict>
			<key>fileRef</key>
			<string>01B99B4D1AA98926005F3BEF</string>
			<key>isa</key>
			<string>PBXBuildFile</string>
		</dict>
		<key>01B99B4F1AA98ECB005F3BEF</key>
		<dict>
			<key>fileEncoding</key>
			<string>4</string>
			<key>isa</key>
			<string>PBXFileReference</string>
			<key>lastKnownFileType</key>
			<string>sourcecode.swift</string>
			<key>path</key>
			<string>MenuItem.swift</string>
			<key>sourceTree</key>
			<string>&lt;group&gt;</string>
		</dict>
		<key>01B99B501AA98ECB005F3BEF</key>
		<dict>
			<key>fileRef</key>
			<string>01B99B4F1AA98ECB005F3BEF</string>
			<key>isa</key>
			<string>PBXBuildFile</string>
		</dict>
		<key>01BF66E91AB7856600254A66</key>
		<dict>
			<key>fileEncoding</key>
			<string>4</string>
			<key>isa</key>
			<string>PBXFileReference</string>
			<key>lastKnownFileType</key>
			<string>sourcecode.swift</string>
			<key>path</key>
			<string>HeaderFooterCollectionViewController.swift</string>
			<key>sourceTree</key>
			<string>&lt;group&gt;</string>
		</dict>
		<key>01BF66EA1AB7856600254A66</key>
		<dict>
			<key>fileRef</key>
			<string>01BF66E91AB7856600254A66</string>
			<key>isa</key>
			<string>PBXBuildFile</string>
		</dict>
		<key>01BF66EB1AB78F1F00254A66</key>
		<dict>
			<key>children</key>
			<array>
				<string>018EE7371AB847DB0077F080</string>
				<string>01BF66EE1AB7941700254A66</string>
				<string>01BF66F21AB79A7A00254A66</string>
				<string>01BF66EC1AB793F500254A66</string>
				<string>01BF66F01AB7993700254A66</string>
			</array>
			<key>isa</key>
			<string>PBXGroup</string>
			<key>path</key>
			<string>Supplementary views</string>
			<key>sourceTree</key>
			<string>&lt;group&gt;</string>
		</dict>
		<key>01BF66EC1AB793F500254A66</key>
		<dict>
			<key>fileEncoding</key>
			<string>4</string>
			<key>isa</key>
			<string>PBXFileReference</string>
			<key>lastKnownFileType</key>
			<string>sourcecode.swift</string>
			<key>path</key>
			<string>ApplicationHeaderCollectionReusableView.swift</string>
			<key>sourceTree</key>
			<string>&lt;group&gt;</string>
		</dict>
		<key>01BF66ED1AB793F500254A66</key>
		<dict>
			<key>fileRef</key>
			<string>01BF66EC1AB793F500254A66</string>
			<key>isa</key>
			<string>PBXBuildFile</string>
		</dict>
		<key>01BF66EE1AB7941700254A66</key>
		<dict>
			<key>fileEncoding</key>
			<string>4</string>
			<key>isa</key>
			<string>PBXFileReference</string>
			<key>lastKnownFileType</key>
			<string>sourcecode.swift</string>
			<key>path</key>
			<string>ApplicationFooterCollectionReusableView.swift</string>
			<key>sourceTree</key>
			<string>&lt;group&gt;</string>
		</dict>
		<key>01BF66EF1AB7941700254A66</key>
		<dict>
			<key>fileRef</key>
			<string>01BF66EE1AB7941700254A66</string>
			<key>isa</key>
			<string>PBXBuildFile</string>
		</dict>
		<key>01BF66F01AB7993700254A66</key>
		<dict>
			<key>fileEncoding</key>
			<string>4</string>
			<key>isa</key>
			<string>PBXFileReference</string>
			<key>lastKnownFileType</key>
			<string>sourcecode.swift</string>
			<key>path</key>
			<string>ApplicationHeaderCollectionReusableView+ApplicationCategoryItem.swift</string>
			<key>sourceTree</key>
			<string>&lt;group&gt;</string>
		</dict>
		<key>01BF66F11AB7993700254A66</key>
		<dict>
			<key>fileRef</key>
			<string>01BF66F01AB7993700254A66</string>
			<key>isa</key>
			<string>PBXBuildFile</string>
		</dict>
		<key>01BF66F21AB79A7A00254A66</key>
		<dict>
			<key>fileEncoding</key>
			<string>4</string>
			<key>isa</key>
			<string>PBXFileReference</string>
			<key>lastKnownFileType</key>
			<string>sourcecode.swift</string>
			<key>path</key>
			<string>ApplicationFooterCollectionReusableView+ApplicationCategoryItem.swift</string>
			<key>sourceTree</key>
			<string>&lt;group&gt;</string>
		</dict>
		<key>01BF66F31AB79A7A00254A66</key>
		<dict>
			<key>fileRef</key>
			<string>01BF66F21AB79A7A00254A66</string>
			<key>isa</key>
			<string>PBXBuildFile</string>
		</dict>
		<key>01C3610F1AB5D40B004ED706</key>
		<dict>
			<key>fileEncoding</key>
			<string>4</string>
			<key>isa</key>
			<string>PBXFileReference</string>
			<key>lastKnownFileType</key>
			<string>sourcecode.swift</string>
			<key>path</key>
			<string>ApplicationIconNameCollectionViewCell+ApplicationItem.swift</string>
			<key>sourceTree</key>
			<string>&lt;group&gt;</string>
		</dict>
		<key>01C361101AB5D40B004ED706</key>
		<dict>
			<key>fileRef</key>
			<string>01C3610F1AB5D40B004ED706</string>
			<key>isa</key>
			<string>PBXBuildFile</string>
		</dict>
		<key>01C361111AB5DAC9004ED706</key>
		<dict>
			<key>fileEncoding</key>
			<string>4</string>
			<key>isa</key>
			<string>PBXFileReference</string>
			<key>lastKnownFileType</key>
			<string>sourcecode.swift</string>
			<key>path</key>
			<string>Basic02CollectionViewController.swift</string>
			<key>sourceTree</key>
			<string>&lt;group&gt;</string>
		</dict>
		<key>01C361121AB5DAC9004ED706</key>
		<dict>
			<key>fileRef</key>
			<string>01C361111AB5DAC9004ED706</string>
			<key>isa</key>
			<string>PBXBuildFile</string>
		</dict>
		<key>01C361131AB5E884004ED706</key>
		<dict>
			<key>fileEncoding</key>
			<string>4</string>
			<key>isa</key>
			<string>PBXFileReference</string>
			<key>lastKnownFileType</key>
			<string>sourcecode.swift</string>
			<key>path</key>
			<string>ApplicationDetailCollectionViewCell.swift</string>
			<key>sourceTree</key>
			<string>&lt;group&gt;</string>
		</dict>
		<key>01C361141AB5E884004ED706</key>
		<dict>
			<key>fileRef</key>
			<string>01C361131AB5E884004ED706</string>
			<key>isa</key>
			<string>PBXBuildFile</string>
		</dict>
		<key>01C361151AB5E952004ED706</key>
		<dict>
			<key>fileEncoding</key>
			<string>4</string>
			<key>isa</key>
			<string>PBXFileReference</string>
			<key>lastKnownFileType</key>
			<string>sourcecode.swift</string>
			<key>path</key>
			<string>ApplicationDetailCollectionViewCell+ApplicationItem.swift</string>
			<key>sourceTree</key>
			<string>&lt;group&gt;</string>
		</dict>
		<key>01C361161AB5E952004ED706</key>
		<dict>
			<key>fileRef</key>
			<string>01C361151AB5E952004ED706</string>
			<key>isa</key>
			<string>PBXBuildFile</string>
		</dict>
		<key>01C361171AB60B2A004ED706</key>
		<dict>
			<key>fileEncoding</key>
			<string>4</string>
			<key>isa</key>
			<string>PBXFileReference</string>
			<key>lastKnownFileType</key>
			<string>sourcecode.swift</string>
			<key>path</key>
			<string>ApplicationCategoryItem.swift</string>
			<key>sourceTree</key>
			<string>&lt;group&gt;</string>
		</dict>
		<key>01C361181AB60B2A004ED706</key>
		<dict>
			<key>fileRef</key>
			<string>01C361171AB60B2A004ED706</string>
			<key>isa</key>
			<string>PBXBuildFile</string>
		</dict>
		<key>01C75D801AAD7AC900D6E336</key>
		<dict>
			<key>children</key>
			<array>
				<string>01C75D831AAD7C6300D6E336</string>
				<string>01C3610F1AB5D40B004ED706</string>
				<string>01C361131AB5E884004ED706</string>
				<string>01C361151AB5E952004ED706</string>
			</array>
			<key>isa</key>
			<string>PBXGroup</string>
			<key>path</key>
			<string>Cells</string>
			<key>sourceTree</key>
			<string>&lt;group&gt;</string>
		</dict>
		<key>01C75D831AAD7C6300D6E336</key>
		<dict>
			<key>fileEncoding</key>
			<string>4</string>
			<key>isa</key>
			<string>PBXFileReference</string>
			<key>lastKnownFileType</key>
			<string>sourcecode.swift</string>
			<key>path</key>
			<string>ApplicationIconNameCollectionViewCell.swift</string>
			<key>sourceTree</key>
			<string>&lt;group&gt;</string>
		</dict>
		<key>01C75D841AAD7C6300D6E336</key>
		<dict>
			<key>fileRef</key>
			<string>01C75D831AAD7C6300D6E336</string>
			<key>isa</key>
			<string>PBXBuildFile</string>
		</dict>
		<key>01CC5A5F1AAA307600E63308</key>
		<dict>
			<key>fileEncoding</key>
			<string>4</string>
			<key>isa</key>
			<string>PBXFileReference</string>
			<key>lastKnownFileType</key>
			<string>sourcecode.swift</string>
			<key>path</key>
			<string>MenuManager.swift</string>
			<key>sourceTree</key>
			<string>&lt;group&gt;</string>
		</dict>
		<key>01CC5A601AAA307600E63308</key>
		<dict>
			<key>fileRef</key>
			<string>01CC5A5F1AAA307600E63308</string>
			<key>isa</key>
			<string>PBXBuildFile</string>
		</dict>
		<key>01CC5A631AAA31F500E63308</key>
		<dict>
			<key>fileEncoding</key>
			<string>4</string>
			<key>isa</key>
			<string>PBXFileReference</string>
			<key>lastKnownFileType</key>
			<string>sourcecode.swift</string>
			<key>path</key>
			<string>Basic01CollectionViewController.swift</string>
			<key>sourceTree</key>
			<string>&lt;group&gt;</string>
		</dict>
		<key>01CC5A641AAA31F500E63308</key>
		<dict>
			<key>fileRef</key>
			<string>01CC5A631AAA31F500E63308</string>
			<key>isa</key>
			<string>PBXBuildFile</string>
		</dict>
		<key>01DA8B1C1AA91611007FA5AB</key>
		<dict>
			<key>children</key>
			<array>
				<string>01B99B4B1AA98545005F3BEF</string>
				<string>019082641AA914360057362F</string>
				<string>01B99B481AA984B3005F3BEF</string>
				<string>01B99B471AA9849D005F3BEF</string>
				<string>01B99B461AA9848F005F3BEF</string>
				<string>0148FB4C1AAA373B0057073B</string>
			</array>
			<key>isa</key>
			<string>PBXGroup</string>
			<key>path</key>
			<string>Sources</string>
			<key>sourceTree</key>
			<string>&lt;group&gt;</string>
		</dict>
		<key>01DA8B1D1AA9161A007FA5AB</key>
		<dict>
			<key>children</key>
			<array>
				<string>0190826B1AA914360057362F</string>
				<string>019082631AA914360057362F</string>
				<string>014244311AB17C6E007C3795</string>
			</array>
			<key>isa</key>
			<string>PBXGroup</string>
			<key>path</key>
			<string>Resources</string>
			<key>sourceTree</key>
			<string>&lt;group&gt;</string>
		</dict>
		<key>01E5E4D11AB6B698005A0330</key>
		<dict>
			<key>fileEncoding</key>
			<string>4</string>
			<key>isa</key>
			<string>PBXFileReference</string>
			<key>lastKnownFileType</key>
			<string>sourcecode.swift</string>
			<key>path</key>
			<string>UIView+UI.swift</string>
			<key>sourceTree</key>
			<string>&lt;group&gt;</string>
		</dict>
		<key>01E5E4D21AB6B698005A0330</key>
		<dict>
			<key>fileRef</key>
			<string>01E5E4D11AB6B698005A0330</string>
			<key>isa</key>
			<string>PBXBuildFile</string>
		</dict>
	</dict>
	<key>rootObject</key>
	<string>019082571AA914360057362F</string>
</dict>
</plist>
